// !$*UTF8*$!
{
	archiveVersion = 1;
	classes = {
	};
	objectVersion = 46;
	objects = {

/* Begin PBXBuildFile section */
		892377FB1E964DE00081A65B /* BerryConfig.swift in Sources */ = {isa = PBXBuildFile; fileRef = 892377FA1E964DE00081A65B /* BerryConfig.swift */; };
		892377FE1E9656470081A65B /* BerryMenuProperty.swift in Sources */ = {isa = PBXBuildFile; fileRef = 892377FD1E9656470081A65B /* BerryMenuProperty.swift */; };
		892378081E9659370081A65B /* BerryCellProperty.swift in Sources */ = {isa = PBXBuildFile; fileRef = 892378071E9659370081A65B /* BerryCellProperty.swift */; };
		8923780A1E9659660081A65B /* BerryArrowProperty.swift in Sources */ = {isa = PBXBuildFile; fileRef = 892378091E9659660081A65B /* BerryArrowProperty.swift */; };
		8923780C1E9659870081A65B /* BerryMaskProperty.swift in Sources */ = {isa = PBXBuildFile; fileRef = 8923780B1E9659870081A65B /* BerryMaskProperty.swift */; };
		8923780E1E9659A80081A65B /* BerryOtherProperty.swift in Sources */ = {isa = PBXBuildFile; fileRef = 8923780D1E9659A80081A65B /* BerryOtherProperty.swift */; };
		898935BD1E96440000CC623C /* Berry.h in Headers */ = {isa = PBXBuildFile; fileRef = 898935BB1E96440000CC623C /* Berry.h */; settings = {ATTRIBUTES = (Public, ); }; };
		C41462C21E9677DE00618910 /* BerryView.swift in Sources */ = {isa = PBXBuildFile; fileRef = C41462C11E9677DE00618910 /* BerryView.swift */; };
		C41462C41E96780600618910 /* BerryTableView.swift in Sources */ = {isa = PBXBuildFile; fileRef = C41462C31E96780600618910 /* BerryTableView.swift */; };
		C41462C61E96783900618910 /* BerrySeparator.swift in Sources */ = {isa = PBXBuildFile; fileRef = C41462C51E96783900618910 /* BerrySeparator.swift */; };
		C41462C81E96785800618910 /* BerryTableViewCell.swift in Sources */ = {isa = PBXBuildFile; fileRef = C41462C71E96785800618910 /* BerryTableViewCell.swift */; };
		C41462CA1E96862D00618910 /* BerryConstant.swift in Sources */ = {isa = PBXBuildFile; fileRef = C41462C91E96862D00618910 /* BerryConstant.swift */; };
/* End PBXBuildFile section */

/* Begin PBXFileReference section */
		892377FA1E964DE00081A65B /* BerryConfig.swift */ = {isa = PBXFileReference; fileEncoding = 4; lastKnownFileType = sourcecode.swift; name = BerryConfig.swift; path = Source/BerryConfig.swift; sourceTree = SOURCE_ROOT; };
		892377FD1E9656470081A65B /* BerryMenuProperty.swift */ = {isa = PBXFileReference; fileEncoding = 4; lastKnownFileType = sourcecode.swift; name = BerryMenuProperty.swift; path = Source/BerryMenuProperty.swift; sourceTree = SOURCE_ROOT; };
		892378071E9659370081A65B /* BerryCellProperty.swift */ = {isa = PBXFileReference; fileEncoding = 4; lastKnownFileType = sourcecode.swift; path = BerryCellProperty.swift; sourceTree = "<group>"; };
		892378091E9659660081A65B /* BerryArrowProperty.swift */ = {isa = PBXFileReference; fileEncoding = 4; lastKnownFileType = sourcecode.swift; path = BerryArrowProperty.swift; sourceTree = "<group>"; };
		8923780B1E9659870081A65B /* BerryMaskProperty.swift */ = {isa = PBXFileReference; fileEncoding = 4; lastKnownFileType = sourcecode.swift; path = BerryMaskProperty.swift; sourceTree = "<group>"; };
		8923780D1E9659A80081A65B /* BerryOtherProperty.swift */ = {isa = PBXFileReference; fileEncoding = 4; lastKnownFileType = sourcecode.swift; path = BerryOtherProperty.swift; sourceTree = "<group>"; };
		898935B81E96440000CC623C /* Berry.framework */ = {isa = PBXFileReference; explicitFileType = wrapper.framework; includeInIndex = 0; path = Berry.framework; sourceTree = BUILT_PRODUCTS_DIR; };
		898935BB1E96440000CC623C /* Berry.h */ = {isa = PBXFileReference; lastKnownFileType = sourcecode.c.h; path = Berry.h; sourceTree = "<group>"; };
		898935BC1E96440000CC623C /* Info.plist */ = {isa = PBXFileReference; lastKnownFileType = text.plist.xml; path = Info.plist; sourceTree = "<group>"; };
		C41462C11E9677DE00618910 /* BerryView.swift */ = {isa = PBXFileReference; fileEncoding = 4; lastKnownFileType = sourcecode.swift; path = BerryView.swift; sourceTree = "<group>"; };
		C41462C31E96780600618910 /* BerryTableView.swift */ = {isa = PBXFileReference; fileEncoding = 4; lastKnownFileType = sourcecode.swift; path = BerryTableView.swift; sourceTree = "<group>"; };
		C41462C51E96783900618910 /* BerrySeparator.swift */ = {isa = PBXFileReference; fileEncoding = 4; lastKnownFileType = sourcecode.swift; path = BerrySeparator.swift; sourceTree = "<group>"; };
		C41462C71E96785800618910 /* BerryTableViewCell.swift */ = {isa = PBXFileReference; fileEncoding = 4; lastKnownFileType = sourcecode.swift; path = BerryTableViewCell.swift; sourceTree = "<group>"; };
		C41462C91E96862D00618910 /* BerryConstant.swift */ = {isa = PBXFileReference; fileEncoding = 4; lastKnownFileType = sourcecode.swift; path = BerryConstant.swift; sourceTree = "<group>"; };
/* End PBXFileReference section */

/* Begin PBXFrameworksBuildPhase section */
		898935B41E96440000CC623C /* Frameworks */ = {
			isa = PBXFrameworksBuildPhase;
			buildActionMask = 2147483647;
			files = (
			);
			runOnlyForDeploymentPostprocessing = 0;
		};
/* End PBXFrameworksBuildPhase section */

/* Begin PBXGroup section */
		892377F91E964DD20081A65B /* Config */ = {
			isa = PBXGroup;
			children = (
				892377FA1E964DE00081A65B /* BerryConfig.swift */,
				C41462C91E96862D00618910 /* BerryConstant.swift */,
			);
			path = Config;
			sourceTree = "<group>";
		};
		892377FC1E9656240081A65B /* Property */ = {
			isa = PBXGroup;
			children = (
				892377FD1E9656470081A65B /* BerryMenuProperty.swift */,
				892378071E9659370081A65B /* BerryCellProperty.swift */,
				892378091E9659660081A65B /* BerryArrowProperty.swift */,
				8923780B1E9659870081A65B /* BerryMaskProperty.swift */,
				8923780D1E9659A80081A65B /* BerryOtherProperty.swift */,
			);
			path = Property;
			sourceTree = "<group>";
		};
		898935AE1E96440000CC623C = {
			isa = PBXGroup;
			children = (
				898935BA1E96440000CC623C /* Berry */,
				898935B91E96440000CC623C /* Products */,
			);
			sourceTree = "<group>";
		};
		898935B91E96440000CC623C /* Products */ = {
			isa = PBXGroup;
			children = (
				898935B81E96440000CC623C /* Berry.framework */,
			);
			name = Products;
			sourceTree = "<group>";
		};
		898935BA1E96440000CC623C /* Berry */ = {
			isa = PBXGroup;
			children = (
				C41462C01E9677BC00618910 /* View */,
				892377FC1E9656240081A65B /* Property */,
				892377F91E964DD20081A65B /* Config */,
				898935BB1E96440000CC623C /* Berry.h */,
				898935BC1E96440000CC623C /* Info.plist */,
			);
			path = Berry;
			sourceTree = "<group>";
		};
		C41462C01E9677BC00618910 /* View */ = {
			isa = PBXGroup;
			children = (
				C41462C11E9677DE00618910 /* BerryView.swift */,
				C41462C31E96780600618910 /* BerryTableView.swift */,
				C41462C51E96783900618910 /* BerrySeparator.swift */,
				C41462C71E96785800618910 /* BerryTableViewCell.swift */,
			);
			path = View;
			sourceTree = "<group>";
		};
/* End PBXGroup section */

/* Begin PBXHeadersBuildPhase section */
		898935B51E96440000CC623C /* Headers */ = {
			isa = PBXHeadersBuildPhase;
			buildActionMask = 2147483647;
			files = (
				898935BD1E96440000CC623C /* Berry.h in Headers */,
			);
			runOnlyForDeploymentPostprocessing = 0;
		};
/* End PBXHeadersBuildPhase section */

/* Begin PBXNativeTarget section */
		898935B71E96440000CC623C /* Berry */ = {
			isa = PBXNativeTarget;
			buildConfigurationList = 898935C01E96440000CC623C /* Build configuration list for PBXNativeTarget "Berry" */;
			buildPhases = (
				898935B31E96440000CC623C /* Sources */,
				898935B41E96440000CC623C /* Frameworks */,
				898935B51E96440000CC623C /* Headers */,
				898935B61E96440000CC623C /* Resources */,
			);
			buildRules = (
			);
			dependencies = (
			);
			name = Berry;
			productName = Berry;
			productReference = 898935B81E96440000CC623C /* Berry.framework */;
			productType = "com.apple.product-type.framework";
		};
/* End PBXNativeTarget section */

/* Begin PBXProject section */
		898935AF1E96440000CC623C /* Project object */ = {
			isa = PBXProject;
			attributes = {
				LastUpgradeCheck = 0830;
				ORGANIZATIONNAME = shiwei;
				TargetAttributes = {
					898935B71E96440000CC623C = {
						CreatedOnToolsVersion = 8.3;
						LastSwiftMigration = 0830;
						ProvisioningStyle = Manual;
					};
				};
			};
			buildConfigurationList = 898935B21E96440000CC623C /* Build configuration list for PBXProject "Berry" */;
			compatibilityVersion = "Xcode 3.2";
			developmentRegion = English;
			hasScannedForEncodings = 0;
			knownRegions = (
				en,
			);
			mainGroup = 898935AE1E96440000CC623C;
			productRefGroup = 898935B91E96440000CC623C /* Products */;
			projectDirPath = "";
			projectRoot = "";
			targets = (
				898935B71E96440000CC623C /* Berry */,
			);
		};
/* End PBXProject section */

/* Begin PBXResourcesBuildPhase section */
		898935B61E96440000CC623C /* Resources */ = {
			isa = PBXResourcesBuildPhase;
			buildActionMask = 2147483647;
			files = (
			);
			runOnlyForDeploymentPostprocessing = 0;
		};
/* End PBXResourcesBuildPhase section */

/* Begin PBXSourcesBuildPhase section */
		898935B31E96440000CC623C /* Sources */ = {
			isa = PBXSourcesBuildPhase;
			buildActionMask = 2147483647;
			files = (
				892378081E9659370081A65B /* BerryCellProperty.swift in Sources */,
				C41462C21E9677DE00618910 /* BerryView.swift in Sources */,
				8923780C1E9659870081A65B /* BerryMaskProperty.swift in Sources */,
				892377FE1E9656470081A65B /* BerryMenuProperty.swift in Sources */,
				892377FB1E964DE00081A65B /* BerryConfig.swift in Sources */,
				8923780E1E9659A80081A65B /* BerryOtherProperty.swift in Sources */,
				C41462C41E96780600618910 /* BerryTableView.swift in Sources */,
				8923780A1E9659660081A65B /* BerryArrowProperty.swift in Sources */,
				C41462C81E96785800618910 /* BerryTableViewCell.swift in Sources */,
				C41462CA1E96862D00618910 /* BerryConstant.swift in Sources */,
				C41462C61E96783900618910 /* BerrySeparator.swift in Sources */,
			);
			runOnlyForDeploymentPostprocessing = 0;
		};
/* End PBXSourcesBuildPhase section */

/* Begin XCBuildConfiguration section */
		898935BE1E96440000CC623C /* Debug */ = {
			isa = XCBuildConfiguration;
			buildSettings = {
				ALWAYS_SEARCH_USER_PATHS = NO;
				CLANG_ANALYZER_NONNULL = YES;
				CLANG_ANALYZER_NUMBER_OBJECT_CONVERSION = YES_AGGRESSIVE;
				CLANG_CXX_LANGUAGE_STANDARD = "gnu++0x";
				CLANG_CXX_LIBRARY = "libc++";
				CLANG_ENABLE_MODULES = YES;
				CLANG_ENABLE_OBJC_ARC = YES;
				CLANG_WARN_BOOL_CONVERSION = YES;
				CLANG_WARN_CONSTANT_CONVERSION = YES;
				CLANG_WARN_DIRECT_OBJC_ISA_USAGE = YES_ERROR;
				CLANG_WARN_DOCUMENTATION_COMMENTS = YES;
				CLANG_WARN_EMPTY_BODY = YES;
				CLANG_WARN_ENUM_CONVERSION = YES;
				CLANG_WARN_INFINITE_RECURSION = YES;
				CLANG_WARN_INT_CONVERSION = YES;
				CLANG_WARN_OBJC_ROOT_CLASS = YES_ERROR;
				CLANG_WARN_SUSPICIOUS_MOVE = YES;
				CLANG_WARN_UNREACHABLE_CODE = YES;
				CLANG_WARN__DUPLICATE_METHOD_MATCH = YES;
				"CODE_SIGN_IDENTITY[sdk=iphoneos*]" = "iPhone Developer";
				COPY_PHASE_STRIP = NO;
				CURRENT_PROJECT_VERSION = 1;
				DEBUG_INFORMATION_FORMAT = dwarf;
				ENABLE_STRICT_OBJC_MSGSEND = YES;
				ENABLE_TESTABILITY = YES;
				GCC_C_LANGUAGE_STANDARD = gnu99;
				GCC_DYNAMIC_NO_PIC = NO;
				GCC_NO_COMMON_BLOCKS = YES;
				GCC_OPTIMIZATION_LEVEL = 0;
				GCC_PREPROCESSOR_DEFINITIONS = (
					"DEBUG=1",
					"$(inherited)",
				);
				GCC_WARN_64_TO_32_BIT_CONVERSION = YES;
				GCC_WARN_ABOUT_RETURN_TYPE = YES_ERROR;
				GCC_WARN_UNDECLARED_SELECTOR = YES;
				GCC_WARN_UNINITIALIZED_AUTOS = YES_AGGRESSIVE;
				GCC_WARN_UNUSED_FUNCTION = YES;
				GCC_WARN_UNUSED_VARIABLE = YES;
				IPHONEOS_DEPLOYMENT_TARGET = 8.0;
				MTL_ENABLE_DEBUG_INFO = YES;
				ONLY_ACTIVE_ARCH = YES;
				SDKROOT = iphoneos;
				SWIFT_ACTIVE_COMPILATION_CONDITIONS = DEBUG;
				SWIFT_OPTIMIZATION_LEVEL = "-Onone";
				TARGETED_DEVICE_FAMILY = "1,2";
				VERSIONING_SYSTEM = "apple-generic";
				VERSION_INFO_PREFIX = "";
			};
			name = Debug;
		};
		898935BF1E96440000CC623C /* Release */ = {
			isa = XCBuildConfiguration;
			buildSettings = {
				ALWAYS_SEARCH_USER_PATHS = NO;
				CLANG_ANALYZER_NONNULL = YES;
				CLANG_ANALYZER_NUMBER_OBJECT_CONVERSION = YES_AGGRESSIVE;
				CLANG_CXX_LANGUAGE_STANDARD = "gnu++0x";
				CLANG_CXX_LIBRARY = "libc++";
				CLANG_ENABLE_MODULES = YES;
				CLANG_ENABLE_OBJC_ARC = YES;
				CLANG_WARN_BOOL_CONVERSION = YES;
				CLANG_WARN_CONSTANT_CONVERSION = YES;
				CLANG_WARN_DIRECT_OBJC_ISA_USAGE = YES_ERROR;
				CLANG_WARN_DOCUMENTATION_COMMENTS = YES;
				CLANG_WARN_EMPTY_BODY = YES;
				CLANG_WARN_ENUM_CONVERSION = YES;
				CLANG_WARN_INFINITE_RECURSION = YES;
				CLANG_WARN_INT_CONVERSION = YES;
				CLANG_WARN_OBJC_ROOT_CLASS = YES_ERROR;
				CLANG_WARN_SUSPICIOUS_MOVE = YES;
				CLANG_WARN_UNREACHABLE_CODE = YES;
				CLANG_WARN__DUPLICATE_METHOD_MATCH = YES;
				"CODE_SIGN_IDENTITY[sdk=iphoneos*]" = "iPhone Developer";
				COPY_PHASE_STRIP = NO;
				CURRENT_PROJECT_VERSION = 1;
				DEBUG_INFORMATION_FORMAT = "dwarf-with-dsym";
				ENABLE_NS_ASSERTIONS = NO;
				ENABLE_STRICT_OBJC_MSGSEND = YES;
				GCC_C_LANGUAGE_STANDARD = gnu99;
				GCC_NO_COMMON_BLOCKS = YES;
				GCC_WARN_64_TO_32_BIT_CONVERSION = YES;
				GCC_WARN_ABOUT_RETURN_TYPE = YES_ERROR;
				GCC_WARN_UNDECLARED_SELECTOR = YES;
				GCC_WARN_UNINITIALIZED_AUTOS = YES_AGGRESSIVE;
				GCC_WARN_UNUSED_FUNCTION = YES;
				GCC_WARN_UNUSED_VARIABLE = YES;
				IPHONEOS_DEPLOYMENT_TARGET = 8.0;
				MTL_ENABLE_DEBUG_INFO = NO;
				SDKROOT = iphoneos;
				SWIFT_OPTIMIZATION_LEVEL = "-Owholemodule";
				TARGETED_DEVICE_FAMILY = "1,2";
				VALIDATE_PRODUCT = YES;
				VERSIONING_SYSTEM = "apple-generic";
				VERSION_INFO_PREFIX = "";
			};
			name = Release;
		};
		898935C11E96440000CC623C /* Debug */ = {
			isa = XCBuildConfiguration;
			buildSettings = {
				CLANG_ENABLE_MODULES = YES;
				CODE_SIGN_IDENTITY = "";
				DEFINES_MODULE = YES;
				DEVELOPMENT_TEAM = "";
				DYLIB_COMPATIBILITY_VERSION = 1;
				DYLIB_CURRENT_VERSION = 1;
				DYLIB_INSTALL_NAME_BASE = "@rpath";
				INFOPLIST_FILE = Berry/Info.plist;
				INSTALL_PATH = "$(LOCAL_LIBRARY_DIR)/Frameworks";
				LD_RUNPATH_SEARCH_PATHS = "$(inherited) @executable_path/Frameworks @loader_path/Frameworks";
				PRODUCT_BUNDLE_IDENTIFIER = com.shiwei.Berry;
				PRODUCT_NAME = "$(TARGET_NAME)";
				PROVISIONING_PROFILE_SPECIFIER = "";
				SKIP_INSTALL = YES;
				SWIFT_OPTIMIZATION_LEVEL = "-Onone";
				SWIFT_VERSION = 3.0;
			};
			name = Debug;
		};
		898935C21E96440000CC623C /* Release */ = {
			isa = XCBuildConfiguration;
			buildSettings = {
				CLANG_ENABLE_MODULES = YES;
				CODE_SIGN_IDENTITY = "";
				DEFINES_MODULE = YES;
				DEVELOPMENT_TEAM = "";
				DYLIB_COMPATIBILITY_VERSION = 1;
				DYLIB_CURRENT_VERSION = 1;
				DYLIB_INSTALL_NAME_BASE = "@rpath";
				INFOPLIST_FILE = Berry/Info.plist;
				INSTALL_PATH = "$(LOCAL_LIBRARY_DIR)/Frameworks";
				LD_RUNPATH_SEARCH_PATHS = "$(inherited) @executable_path/Frameworks @loader_path/Frameworks";
				PRODUCT_BUNDLE_IDENTIFIER = com.shiwei.Berry;
				PRODUCT_NAME = "$(TARGET_NAME)";
				PROVISIONING_PROFILE_SPECIFIER = "";
				SKIP_INSTALL = YES;
				SWIFT_VERSION = 3.0;
			};
			name = Release;
		};
/* End XCBuildConfiguration section */

/* Begin XCConfigurationList section */
		898935B21E96440000CC623C /* Build configuration list for PBXProject "Berry" */ = {
			isa = XCConfigurationList;
			buildConfigurations = (
				898935BE1E96440000CC623C /* Debug */,
				898935BF1E96440000CC623C /* Release */,
			);
			defaultConfigurationIsVisible = 0;
			defaultConfigurationName = Release;
		};
		898935C01E96440000CC623C /* Build configuration list for PBXNativeTarget "Berry" */ = {
			isa = XCConfigurationList;
			buildConfigurations = (
				898935C11E96440000CC623C /* Debug */,
				898935C21E96440000CC623C /* Release */,
			);
			defaultConfigurationIsVisible = 0;
			defaultConfigurationName = Release;
		};
/* End XCConfigurationList section */
	};
	rootObject = 898935AF1E96440000CC623C /* Project object */;
}
