// !$*UTF8*$!
{
	archiveVersion = 1;
	classes = {
	};
	objectVersion = 46;
	objects = {

/* Begin PBXBuildFile section */
		892377B71E9646390081A65B /* AppDelegate.swift in Sources */ = {isa = PBXBuildFile; fileRef = 892377B61E9646390081A65B /* AppDelegate.swift */; };
		892377BC1E9646390081A65B /* Main.storyboard in Resources */ = {isa = PBXBuildFile; fileRef = 892377BA1E9646390081A65B /* Main.storyboard */; };
		892377C11E9646390081A65B /* LaunchScreen.storyboard in Resources */ = {isa = PBXBuildFile; fileRef = 892377BF1E9646390081A65B /* LaunchScreen.storyboard */; };
		892377CC1E96463A0081A65B /* ExamplesTests.swift in Sources */ = {isa = PBXBuildFile; fileRef = 892377CB1E96463A0081A65B /* ExamplesTests.swift */; };
		892377EC1E9647140081A65B /* Berry.framework in Frameworks */ = {isa = PBXBuildFile; fileRef = 892377EB1E9647020081A65B /* Berry.framework */; };
		892377ED1E9647140081A65B /* Berry.framework in Embed Frameworks */ = {isa = PBXBuildFile; fileRef = 892377EB1E9647020081A65B /* Berry.framework */; settings = {ATTRIBUTES = (CodeSignOnCopy, RemoveHeadersOnCopy, ); }; };
		892378181E9778320081A65B /* Assets.xcassets in Resources */ = {isa = PBXBuildFile; fileRef = 892378171E9778320081A65B /* Assets.xcassets */; };
		8923781B1E97814B0081A65B /* BerryListViewController.swift in Sources */ = {isa = PBXBuildFile; fileRef = 8923781A1E97814B0081A65B /* BerryListViewController.swift */; };
		8923781E1E9782040081A65B /* BerryListTableViewCell.swift in Sources */ = {isa = PBXBuildFile; fileRef = 8923781C1E9782040081A65B /* BerryListTableViewCell.swift */; };
		8923781F1E9782040081A65B /* BerryListTableViewCell.xib in Resources */ = {isa = PBXBuildFile; fileRef = 8923781D1E9782040081A65B /* BerryListTableViewCell.xib */; };
		892378221E9788D70081A65B /* BerryListConfig.swift in Sources */ = {isa = PBXBuildFile; fileRef = 892378211E9788D70081A65B /* BerryListConfig.swift */; };
		892378241E9789F40081A65B /* BerryTypeOneViewController.swift in Sources */ = {isa = PBXBuildFile; fileRef = 892378231E9789F40081A65B /* BerryTypeOneViewController.swift */; };
		892378261E978D560081A65B /* BerryTypeTwoViewController.swift in Sources */ = {isa = PBXBuildFile; fileRef = 892378251E978D560081A65B /* BerryTypeTwoViewController.swift */; };
		892378281E9795610081A65B /* BerryTypeThreeViewController.swift in Sources */ = {isa = PBXBuildFile; fileRef = 892378271E9795610081A65B /* BerryTypeThreeViewController.swift */; };
		899424261E98AF6900045F69 /* address2.json in Resources */ = {isa = PBXBuildFile; fileRef = 8994241F1E98AF6900045F69 /* address2.json */; };
		899424271E98AF6900045F69 /* address3.json in Resources */ = {isa = PBXBuildFile; fileRef = 899424201E98AF6900045F69 /* address3.json */; };
		899424281E98AF6900045F69 /* address4.json in Resources */ = {isa = PBXBuildFile; fileRef = 899424211E98AF6900045F69 /* address4.json */; };
		899424291E98AF6900045F69 /* areas.json in Resources */ = {isa = PBXBuildFile; fileRef = 899424221E98AF6900045F69 /* areas.json */; };
		8994242A1E98AF6900045F69 /* cities.json in Resources */ = {isa = PBXBuildFile; fileRef = 899424231E98AF6900045F69 /* cities.json */; };
		8994242B1E98AF6900045F69 /* provinces.json in Resources */ = {isa = PBXBuildFile; fileRef = 899424241E98AF6900045F69 /* provinces.json */; };
		8994242C1E98AF6900045F69 /* streets.json in Resources */ = {isa = PBXBuildFile; fileRef = 899424251E98AF6900045F69 /* streets.json */; };
		8994242E1E98BE3B00045F69 /* BerryTypeFourViewController.swift in Sources */ = {isa = PBXBuildFile; fileRef = 8994242D1E98BE3B00045F69 /* BerryTypeFourViewController.swift */; };
		899424301E98C71100045F69 /* BerryTypeFiveViewController.swift in Sources */ = {isa = PBXBuildFile; fileRef = 8994242F1E98C71100045F69 /* BerryTypeFiveViewController.swift */; };
		899424321E98C9A500045F69 /* BerryTypeSixViewController.swift in Sources */ = {isa = PBXBuildFile; fileRef = 899424311E98C9A500045F69 /* BerryTypeSixViewController.swift */; };
/* End PBXBuildFile section */

/* Begin PBXContainerItemProxy section */
		892377C81E96463A0081A65B /* PBXContainerItemProxy */ = {
			isa = PBXContainerItemProxy;
			containerPortal = 892377AB1E9646390081A65B /* Project object */;
			proxyType = 1;
			remoteGlobalIDString = 892377B21E9646390081A65B;
			remoteInfo = Examples;
		};
		892377EA1E9647020081A65B /* PBXContainerItemProxy */ = {
			isa = PBXContainerItemProxy;
			containerPortal = 892377E61E9647020081A65B /* Berry.xcodeproj */;
			proxyType = 2;
			remoteGlobalIDString = 898935B81E96440000CC623C;
			remoteInfo = Berry;
		};
		892377EE1E9647140081A65B /* PBXContainerItemProxy */ = {
			isa = PBXContainerItemProxy;
			containerPortal = 892377E61E9647020081A65B /* Berry.xcodeproj */;
			proxyType = 1;
			remoteGlobalIDString = 898935B71E96440000CC623C;
			remoteInfo = Berry;
		};
/* End PBXContainerItemProxy section */

/* Begin PBXCopyFilesBuildPhase section */
		892377F01E9647140081A65B /* Embed Frameworks */ = {
			isa = PBXCopyFilesBuildPhase;
			buildActionMask = 2147483647;
			dstPath = "";
			dstSubfolderSpec = 10;
			files = (
				892377ED1E9647140081A65B /* Berry.framework in Embed Frameworks */,
			);
			name = "Embed Frameworks";
			runOnlyForDeploymentPostprocessing = 0;
		};
/* End PBXCopyFilesBuildPhase section */

/* Begin PBXFileReference section */
		892377B31E9646390081A65B /* Examples.app */ = {isa = PBXFileReference; explicitFileType = wrapper.application; includeInIndex = 0; path = Examples.app; sourceTree = BUILT_PRODUCTS_DIR; };
		892377B61E9646390081A65B /* AppDelegate.swift */ = {isa = PBXFileReference; lastKnownFileType = sourcecode.swift; path = AppDelegate.swift; sourceTree = "<group>"; };
		892377BB1E9646390081A65B /* Base */ = {isa = PBXFileReference; lastKnownFileType = file.storyboard; name = Base; path = Base.lproj/Main.storyboard; sourceTree = "<group>"; };
		892377C01E9646390081A65B /* Base */ = {isa = PBXFileReference; lastKnownFileType = file.storyboard; name = Base; path = Base.lproj/LaunchScreen.storyboard; sourceTree = "<group>"; };
		892377C21E96463A0081A65B /* Info.plist */ = {isa = PBXFileReference; lastKnownFileType = text.plist.xml; path = Info.plist; sourceTree = "<group>"; };
		892377C71E96463A0081A65B /* ExamplesTests.xctest */ = {isa = PBXFileReference; explicitFileType = wrapper.cfbundle; includeInIndex = 0; path = ExamplesTests.xctest; sourceTree = BUILT_PRODUCTS_DIR; };
		892377CB1E96463A0081A65B /* ExamplesTests.swift */ = {isa = PBXFileReference; lastKnownFileType = sourcecode.swift; path = ExamplesTests.swift; sourceTree = "<group>"; };
		892377CD1E96463A0081A65B /* Info.plist */ = {isa = PBXFileReference; lastKnownFileType = text.plist.xml; path = Info.plist; sourceTree = "<group>"; };
		892377E61E9647020081A65B /* Berry.xcodeproj */ = {isa = PBXFileReference; lastKnownFileType = "wrapper.pb-project"; name = Berry.xcodeproj; path = ../Berry/Berry.xcodeproj; sourceTree = "<group>"; };
		892378171E9778320081A65B /* Assets.xcassets */ = {isa = PBXFileReference; lastKnownFileType = folder.assetcatalog; path = Assets.xcassets; sourceTree = "<group>"; };
		8923781A1E97814B0081A65B /* BerryListViewController.swift */ = {isa = PBXFileReference; fileEncoding = 4; lastKnownFileType = sourcecode.swift; path = BerryListViewController.swift; sourceTree = "<group>"; };
		8923781C1E9782040081A65B /* BerryListTableViewCell.swift */ = {isa = PBXFileReference; fileEncoding = 4; lastKnownFileType = sourcecode.swift; path = BerryListTableViewCell.swift; sourceTree = "<group>"; };
		8923781D1E9782040081A65B /* BerryListTableViewCell.xib */ = {isa = PBXFileReference; fileEncoding = 4; lastKnownFileType = file.xib; path = BerryListTableViewCell.xib; sourceTree = "<group>"; };
		892378211E9788D70081A65B /* BerryListConfig.swift */ = {isa = PBXFileReference; fileEncoding = 4; lastKnownFileType = sourcecode.swift; path = BerryListConfig.swift; sourceTree = "<group>"; };
		892378231E9789F40081A65B /* BerryTypeOneViewController.swift */ = {isa = PBXFileReference; fileEncoding = 4; lastKnownFileType = sourcecode.swift; path = BerryTypeOneViewController.swift; sourceTree = "<group>"; };
		892378251E978D560081A65B /* BerryTypeTwoViewController.swift */ = {isa = PBXFileReference; fileEncoding = 4; lastKnownFileType = sourcecode.swift; path = BerryTypeTwoViewController.swift; sourceTree = "<group>"; };
		892378271E9795610081A65B /* BerryTypeThreeViewController.swift */ = {isa = PBXFileReference; fileEncoding = 4; lastKnownFileType = sourcecode.swift; path = BerryTypeThreeViewController.swift; sourceTree = "<group>"; };
		8994241F1E98AF6900045F69 /* address2.json */ = {isa = PBXFileReference; fileEncoding = 4; lastKnownFileType = text.json; path = address2.json; sourceTree = "<group>"; };
		899424201E98AF6900045F69 /* address3.json */ = {isa = PBXFileReference; fileEncoding = 4; lastKnownFileType = text.json; path = address3.json; sourceTree = "<group>"; };
		899424211E98AF6900045F69 /* address4.json */ = {isa = PBXFileReference; fileEncoding = 4; lastKnownFileType = text.json; path = address4.json; sourceTree = "<group>"; };
		899424221E98AF6900045F69 /* areas.json */ = {isa = PBXFileReference; fileEncoding = 4; lastKnownFileType = text.json; path = areas.json; sourceTree = "<group>"; };
		899424231E98AF6900045F69 /* cities.json */ = {isa = PBXFileReference; fileEncoding = 4; lastKnownFileType = text.json; path = cities.json; sourceTree = "<group>"; };
		899424241E98AF6900045F69 /* provinces.json */ = {isa = PBXFileReference; fileEncoding = 4; lastKnownFileType = text.json; path = provinces.json; sourceTree = "<group>"; };
		899424251E98AF6900045F69 /* streets.json */ = {isa = PBXFileReference; fileEncoding = 4; lastKnownFileType = text.json; path = streets.json; sourceTree = "<group>"; };
		8994242D1E98BE3B00045F69 /* BerryTypeFourViewController.swift */ = {isa = PBXFileReference; fileEncoding = 4; lastKnownFileType = sourcecode.swift; path = BerryTypeFourViewController.swift; sourceTree = "<group>"; };
		8994242F1E98C71100045F69 /* BerryTypeFiveViewController.swift */ = {isa = PBXFileReference; fileEncoding = 4; lastKnownFileType = sourcecode.swift; path = BerryTypeFiveViewController.swift; sourceTree = "<group>"; };
		899424311E98C9A500045F69 /* BerryTypeSixViewController.swift */ = {isa = PBXFileReference; fileEncoding = 4; lastKnownFileType = sourcecode.swift; path = BerryTypeSixViewController.swift; sourceTree = "<group>"; };
/* End PBXFileReference section */

/* Begin PBXFrameworksBuildPhase section */
		892377B01E9646390081A65B /* Frameworks */ = {
			isa = PBXFrameworksBuildPhase;
			buildActionMask = 2147483647;
			files = (
				892377EC1E9647140081A65B /* Berry.framework in Frameworks */,
			);
			runOnlyForDeploymentPostprocessing = 0;
		};
		892377C41E96463A0081A65B /* Frameworks */ = {
			isa = PBXFrameworksBuildPhase;
			buildActionMask = 2147483647;
			files = (
			);
			runOnlyForDeploymentPostprocessing = 0;
		};
/* End PBXFrameworksBuildPhase section */

/* Begin PBXGroup section */
		892377AA1E9646390081A65B = {
			isa = PBXGroup;
			children = (
				892377B51E9646390081A65B /* Examples */,
				892377CA1E96463A0081A65B /* ExamplesTests */,
				892377B41E9646390081A65B /* Products */,
				892377E61E9647020081A65B /* Berry.xcodeproj */,
			);
			sourceTree = "<group>";
		};
		892377B41E9646390081A65B /* Products */ = {
			isa = PBXGroup;
			children = (
				892377B31E9646390081A65B /* Examples.app */,
				892377C71E96463A0081A65B /* ExamplesTests.xctest */,
			);
			name = Products;
			sourceTree = "<group>";
		};
		892377B51E9646390081A65B /* Examples */ = {
			isa = PBXGroup;
			children = (
				892378191E97813C0081A65B /* ExampleList */,
				892378201E9788620081A65B /* ExampleType */,
				8994241E1E98AF6900045F69 /* dist */,
				892377B61E9646390081A65B /* AppDelegate.swift */,
				892377BA1E9646390081A65B /* Main.storyboard */,
				892377BF1E9646390081A65B /* LaunchScreen.storyboard */,
				892378171E9778320081A65B /* Assets.xcassets */,
				892377C21E96463A0081A65B /* Info.plist */,
			);
			path = Examples;
			sourceTree = "<group>";
		};
		892377CA1E96463A0081A65B /* ExamplesTests */ = {
			isa = PBXGroup;
			children = (
				892377CB1E96463A0081A65B /* ExamplesTests.swift */,
				892377CD1E96463A0081A65B /* Info.plist */,
			);
			path = ExamplesTests;
			sourceTree = "<group>";
		};
		892377E71E9647020081A65B /* Products */ = {
			isa = PBXGroup;
			children = (
				892377EB1E9647020081A65B /* Berry.framework */,
			);
			name = Products;
			sourceTree = "<group>";
		};
		892378191E97813C0081A65B /* ExampleList */ = {
			isa = PBXGroup;
			children = (
				8923781A1E97814B0081A65B /* BerryListViewController.swift */,
				8923781C1E9782040081A65B /* BerryListTableViewCell.swift */,
				8923781D1E9782040081A65B /* BerryListTableViewCell.xib */,
				892378211E9788D70081A65B /* BerryListConfig.swift */,
			);
			path = ExampleList;
			sourceTree = "<group>";
		};
		892378201E9788620081A65B /* ExampleType */ = {
			isa = PBXGroup;
			children = (
				892378231E9789F40081A65B /* BerryTypeOneViewController.swift */,
				892378251E978D560081A65B /* BerryTypeTwoViewController.swift */,
				892378271E9795610081A65B /* BerryTypeThreeViewController.swift */,
				8994242D1E98BE3B00045F69 /* BerryTypeFourViewController.swift */,
				8994242F1E98C71100045F69 /* BerryTypeFiveViewController.swift */,
				899424311E98C9A500045F69 /* BerryTypeSixViewController.swift */,
			);
			path = ExampleType;
			sourceTree = "<group>";
		};
		8994241E1E98AF6900045F69 /* dist */ = {
			isa = PBXGroup;
			children = (
				8994241F1E98AF6900045F69 /* address2.json */,
				899424201E98AF6900045F69 /* address3.json */,
				899424211E98AF6900045F69 /* address4.json */,
				899424221E98AF6900045F69 /* areas.json */,
				899424231E98AF6900045F69 /* cities.json */,
				899424241E98AF6900045F69 /* provinces.json */,
				899424251E98AF6900045F69 /* streets.json */,
			);
			path = dist;
			sourceTree = "<group>";
		};
/* End PBXGroup section */

/* Begin PBXNativeTarget section */
		892377B21E9646390081A65B /* Examples */ = {
			isa = PBXNativeTarget;
			buildConfigurationList = 892377D01E96463A0081A65B /* Build configuration list for PBXNativeTarget "Examples" */;
			buildPhases = (
				892377AF1E9646390081A65B /* Sources */,
				892377B01E9646390081A65B /* Frameworks */,
				892377B11E9646390081A65B /* Resources */,
				892377F01E9647140081A65B /* Embed Frameworks */,
			);
			buildRules = (
			);
			dependencies = (
				892377EF1E9647140081A65B /* PBXTargetDependency */,
			);
			name = Examples;
			productName = Examples;
			productReference = 892377B31E9646390081A65B /* Examples.app */;
			productType = "com.apple.product-type.application";
		};
		892377C61E96463A0081A65B /* ExamplesTests */ = {
			isa = PBXNativeTarget;
			buildConfigurationList = 892377D31E96463A0081A65B /* Build configuration list for PBXNativeTarget "ExamplesTests" */;
			buildPhases = (
				892377C31E96463A0081A65B /* Sources */,
				892377C41E96463A0081A65B /* Frameworks */,
				892377C51E96463A0081A65B /* Resources */,
			);
			buildRules = (
			);
			dependencies = (
				892377C91E96463A0081A65B /* PBXTargetDependency */,
			);
			name = ExamplesTests;
			productName = ExamplesTests;
			productReference = 892377C71E96463A0081A65B /* ExamplesTests.xctest */;
			productType = "com.apple.product-type.bundle.unit-test";
		};
/* End PBXNativeTarget section */

/* Begin PBXProject section */
		892377AB1E9646390081A65B /* Project object */ = {
			isa = PBXProject;
			attributes = {
				LastSwiftUpdateCheck = 0830;
				LastUpgradeCheck = 0830;
				ORGANIZATIONNAME = shiwei;
				TargetAttributes = {
					892377B21E9646390081A65B = {
						CreatedOnToolsVersion = 8.3;
						ProvisioningStyle = Automatic;
					};
					892377C61E96463A0081A65B = {
						CreatedOnToolsVersion = 8.3;
						ProvisioningStyle = Automatic;
						TestTargetID = 892377B21E9646390081A65B;
					};
				};
			};
			buildConfigurationList = 892377AE1E9646390081A65B /* Build configuration list for PBXProject "Examples" */;
			compatibilityVersion = "Xcode 3.2";
			developmentRegion = English;
			hasScannedForEncodings = 0;
			knownRegions = (
				en,
				Base,
			);
			mainGroup = 892377AA1E9646390081A65B;
			productRefGroup = 892377B41E9646390081A65B /* Products */;
			projectDirPath = "";
			projectReferences = (
				{
					ProductGroup = 892377E71E9647020081A65B /* Products */;
					ProjectRef = 892377E61E9647020081A65B /* Berry.xcodeproj */;
				},
			);
			projectRoot = "";
			targets = (
				892377B21E9646390081A65B /* Examples */,
				892377C61E96463A0081A65B /* ExamplesTests */,
			);
		};
/* End PBXProject section */

/* Begin PBXReferenceProxy section */
		892377EB1E9647020081A65B /* Berry.framework */ = {
			isa = PBXReferenceProxy;
			fileType = wrapper.framework;
			path = Berry.framework;
			remoteRef = 892377EA1E9647020081A65B /* PBXContainerItemProxy */;
			sourceTree = BUILT_PRODUCTS_DIR;
		};
/* End PBXReferenceProxy section */

/* Begin PBXResourcesBuildPhase section */
		892377B11E9646390081A65B /* Resources */ = {
			isa = PBXResourcesBuildPhase;
			buildActionMask = 2147483647;
			files = (
				892377C11E9646390081A65B /* LaunchScreen.storyboard in Resources */,
				892378181E9778320081A65B /* Assets.xcassets in Resources */,
				899424271E98AF6900045F69 /* address3.json in Resources */,
				8994242C1E98AF6900045F69 /* streets.json in Resources */,
				8923781F1E9782040081A65B /* BerryListTableViewCell.xib in Resources */,
				899424281E98AF6900045F69 /* address4.json in Resources */,
				899424261E98AF6900045F69 /* address2.json in Resources */,
				8994242A1E98AF6900045F69 /* cities.json in Resources */,
				899424291E98AF6900045F69 /* areas.json in Resources */,
				892377BC1E9646390081A65B /* Main.storyboard in Resources */,
				8994242B1E98AF6900045F69 /* provinces.json in Resources */,
			);
			runOnlyForDeploymentPostprocessing = 0;
		};
		892377C51E96463A0081A65B /* Resources */ = {
			isa = PBXResourcesBuildPhase;
			buildActionMask = 2147483647;
			files = (
			);
			runOnlyForDeploymentPostprocessing = 0;
		};
/* End PBXResourcesBuildPhase section */

/* Begin PBXSourcesBuildPhase section */
		892377AF1E9646390081A65B /* Sources */ = {
			isa = PBXSourcesBuildPhase;
			buildActionMask = 2147483647;
			files = (
				899424321E98C9A500045F69 /* BerryTypeSixViewController.swift in Sources */,
				8923781B1E97814B0081A65B /* BerryListViewController.swift in Sources */,
				892378281E9795610081A65B /* BerryTypeThreeViewController.swift in Sources */,
				892378241E9789F40081A65B /* BerryTypeOneViewController.swift in Sources */,
				899424301E98C71100045F69 /* BerryTypeFiveViewController.swift in Sources */,
				8923781E1E9782040081A65B /* BerryListTableViewCell.swift in Sources */,
				892378221E9788D70081A65B /* BerryListConfig.swift in Sources */,
				892378261E978D560081A65B /* BerryTypeTwoViewController.swift in Sources */,
				892377B71E9646390081A65B /* AppDelegate.swift in Sources */,
				8994242E1E98BE3B00045F69 /* BerryTypeFourViewController.swift in Sources */,
			);
			runOnlyForDeploymentPostprocessing = 0;
		};
		892377C31E96463A0081A65B /* Sources */ = {
			isa = PBXSourcesBuildPhase;
			buildActionMask = 2147483647;
			files = (
				892377CC1E96463A0081A65B /* ExamplesTests.swift in Sources */,
			);
			runOnlyForDeploymentPostprocessing = 0;
		};
/* End PBXSourcesBuildPhase section */

/* Begin PBXTargetDependency section */
		892377C91E96463A0081A65B /* PBXTargetDependency */ = {
			isa = PBXTargetDependency;
			target = 892377B21E9646390081A65B /* Examples */;
			targetProxy = 892377C81E96463A0081A65B /* PBXContainerItemProxy */;
		};
		892377EF1E9647140081A65B /* PBXTargetDependency */ = {
			isa = PBXTargetDependency;
			name = Berry;
			targetProxy = 892377EE1E9647140081A65B /* PBXContainerItemProxy */;
		};
/* End PBXTargetDependency section */

/* Begin PBXVariantGroup section */
		892377BA1E9646390081A65B /* Main.storyboard */ = {
			isa = PBXVariantGroup;
			children = (
				892377BB1E9646390081A65B /* Base */,
			);
			name = Main.storyboard;
			sourceTree = "<group>";
		};
		892377BF1E9646390081A65B /* LaunchScreen.storyboard */ = {
			isa = PBXVariantGroup;
			children = (
				892377C01E9646390081A65B /* Base */,
			);
			name = LaunchScreen.storyboard;
			sourceTree = "<group>";
		};
/* End PBXVariantGroup section */

/* Begin XCBuildConfiguration section */
		892377CE1E96463A0081A65B /* Debug */ = {
			isa = XCBuildConfiguration;
			buildSettings = {
				ALWAYS_SEARCH_USER_PATHS = NO;
				CLANG_ANALYZER_NONNULL = YES;
				CLANG_ANALYZER_NUMBER_OBJECT_CONVERSION = YES_AGGRESSIVE;
				CLANG_CXX_LANGUAGE_STANDARD = "gnu++0x";
				CLANG_CXX_LIBRARY = "libc++";
				CLANG_ENABLE_MODULES = YES;
				CLANG_ENABLE_OBJC_ARC = YES;
				CLANG_WARN_BOOL_CONVERSION = YES;
				CLANG_WARN_CONSTANT_CONVERSION = YES;
				CLANG_WARN_DIRECT_OBJC_ISA_USAGE = YES_ERROR;
				CLANG_WARN_DOCUMENTATION_COMMENTS = YES;
				CLANG_WARN_EMPTY_BODY = YES;
				CLANG_WARN_ENUM_CONVERSION = YES;
				CLANG_WARN_INFINITE_RECURSION = YES;
				CLANG_WARN_INT_CONVERSION = YES;
				CLANG_WARN_OBJC_ROOT_CLASS = YES_ERROR;
				CLANG_WARN_SUSPICIOUS_MOVE = YES;
				CLANG_WARN_UNREACHABLE_CODE = YES;
				CLANG_WARN__DUPLICATE_METHOD_MATCH = YES;
				"CODE_SIGN_IDENTITY[sdk=iphoneos*]" = "iPhone Developer";
				COPY_PHASE_STRIP = NO;
				DEBUG_INFORMATION_FORMAT = dwarf;
				ENABLE_STRICT_OBJC_MSGSEND = YES;
				ENABLE_TESTABILITY = YES;
				GCC_C_LANGUAGE_STANDARD = gnu99;
				GCC_DYNAMIC_NO_PIC = NO;
				GCC_NO_COMMON_BLOCKS = YES;
				GCC_OPTIMIZATION_LEVEL = 0;
				GCC_PREPROCESSOR_DEFINITIONS = (
					"DEBUG=1",
					"$(inherited)",
				);
				GCC_WARN_64_TO_32_BIT_CONVERSION = YES;
				GCC_WARN_ABOUT_RETURN_TYPE = YES_ERROR;
				GCC_WARN_UNDECLARED_SELECTOR = YES;
				GCC_WARN_UNINITIALIZED_AUTOS = YES_AGGRESSIVE;
				GCC_WARN_UNUSED_FUNCTION = YES;
				GCC_WARN_UNUSED_VARIABLE = YES;
				IPHONEOS_DEPLOYMENT_TARGET = 8.0;
				MTL_ENABLE_DEBUG_INFO = YES;
				ONLY_ACTIVE_ARCH = YES;
				SDKROOT = iphoneos;
				SWIFT_ACTIVE_COMPILATION_CONDITIONS = DEBUG;
				SWIFT_OPTIMIZATION_LEVEL = "-Onone";
				TARGETED_DEVICE_FAMILY = "1,2";
			};
			name = Debug;
		};
		892377CF1E96463A0081A65B /* Release */ = {
			isa = XCBuildConfiguration;
			buildSettings = {
				ALWAYS_SEARCH_USER_PATHS = NO;
				CLANG_ANALYZER_NONNULL = YES;
				CLANG_ANALYZER_NUMBER_OBJECT_CONVERSION = YES_AGGRESSIVE;
				CLANG_CXX_LANGUAGE_STANDARD = "gnu++0x";
				CLANG_CXX_LIBRARY = "libc++";
				CLANG_ENABLE_MODULES = YES;
				CLANG_ENABLE_OBJC_ARC = YES;
				CLANG_WARN_BOOL_CONVERSION = YES;
				CLANG_WARN_CONSTANT_CONVERSION = YES;
				CLANG_WARN_DIRECT_OBJC_ISA_USAGE = YES_ERROR;
				CLANG_WARN_DOCUMENTATION_COMMENTS = YES;
				CLANG_WARN_EMPTY_BODY = YES;
				CLANG_WARN_ENUM_CONVERSION = YES;
				CLANG_WARN_INFINITE_RECURSION = YES;
				CLANG_WARN_INT_CONVERSION = YES;
				CLANG_WARN_OBJC_ROOT_CLASS = YES_ERROR;
				CLANG_WARN_SUSPICIOUS_MOVE = YES;
				CLANG_WARN_UNREACHABLE_CODE = YES;
				CLANG_WARN__DUPLICATE_METHOD_MATCH = YES;
				"CODE_SIGN_IDENTITY[sdk=iphoneos*]" = "iPhone Developer";
				COPY_PHASE_STRIP = NO;
				DEBUG_INFORMATION_FORMAT = "dwarf-with-dsym";
				ENABLE_NS_ASSERTIONS = NO;
				ENABLE_STRICT_OBJC_MSGSEND = YES;
				GCC_C_LANGUAGE_STANDARD = gnu99;
				GCC_NO_COMMON_BLOCKS = YES;
				GCC_WARN_64_TO_32_BIT_CONVERSION = YES;
				GCC_WARN_ABOUT_RETURN_TYPE = YES_ERROR;
				GCC_WARN_UNDECLARED_SELECTOR = YES;
				GCC_WARN_UNINITIALIZED_AUTOS = YES_AGGRESSIVE;
				GCC_WARN_UNUSED_FUNCTION = YES;
				GCC_WARN_UNUSED_VARIABLE = YES;
				IPHONEOS_DEPLOYMENT_TARGET = 8.0;
				MTL_ENABLE_DEBUG_INFO = NO;
				SDKROOT = iphoneos;
				SWIFT_OPTIMIZATION_LEVEL = "-Owholemodule";
				TARGETED_DEVICE_FAMILY = "1,2";
				VALIDATE_PRODUCT = YES;
			};
			name = Release;
		};
		892377D11E96463A0081A65B /* Debug */ = {
			isa = XCBuildConfiguration;
			buildSettings = {
				ALWAYS_EMBED_SWIFT_STANDARD_LIBRARIES = YES;
				ASSETCATALOG_COMPILER_APPICON_NAME = AppIcon;
				INFOPLIST_FILE = Examples/Info.plist;
				LD_RUNPATH_SEARCH_PATHS = "$(inherited) @executable_path/Frameworks";
				PRODUCT_BUNDLE_IDENTIFIER = com.shiwei.Examples;
				PRODUCT_NAME = "$(TARGET_NAME)";
				SWIFT_VERSION = 3.0;
			};
			name = Debug;
		};
		892377D21E96463A0081A65B /* Release */ = {
			isa = XCBuildConfiguration;
			buildSettings = {
				ALWAYS_EMBED_SWIFT_STANDARD_LIBRARIES = YES;
				ASSETCATALOG_COMPILER_APPICON_NAME = AppIcon;
				INFOPLIST_FILE = Examples/Info.plist;
				LD_RUNPATH_SEARCH_PATHS = "$(inherited) @executable_path/Frameworks";
				PRODUCT_BUNDLE_IDENTIFIER = com.shiwei.Examples;
				PRODUCT_NAME = "$(TARGET_NAME)";
				SWIFT_VERSION = 3.0;
			};
			name = Release;
		};
		892377D41E96463A0081A65B /* Debug */ = {
			isa = XCBuildConfiguration;
			buildSettings = {
				ALWAYS_EMBED_SWIFT_STANDARD_LIBRARIES = YES;
				BUNDLE_LOADER = "$(TEST_HOST)";
				INFOPLIST_FILE = ExamplesTests/Info.plist;
				LD_RUNPATH_SEARCH_PATHS = "$(inherited) @executable_path/Frameworks @loader_path/Frameworks";
				PRODUCT_BUNDLE_IDENTIFIER = com.shiwei.ExamplesTests;
				PRODUCT_NAME = "$(TARGET_NAME)";
				SWIFT_VERSION = 3.0;
				TEST_HOST = "$(BUILT_PRODUCTS_DIR)/Examples.app/Examples";
			};
			name = Debug;
		};
		892377D51E96463A0081A65B /* Release */ = {
			isa = XCBuildConfiguration;
			buildSettings = {
				ALWAYS_EMBED_SWIFT_STANDARD_LIBRARIES = YES;
				BUNDLE_LOADER = "$(TEST_HOST)";
				INFOPLIST_FILE = ExamplesTests/Info.plist;
				LD_RUNPATH_SEARCH_PATHS = "$(inherited) @executable_path/Frameworks @loader_path/Frameworks";
				PRODUCT_BUNDLE_IDENTIFIER = com.shiwei.ExamplesTests;
				PRODUCT_NAME = "$(TARGET_NAME)";
				SWIFT_VERSION = 3.0;
				TEST_HOST = "$(BUILT_PRODUCTS_DIR)/Examples.app/Examples";
			};
			name = Release;
		};
/* End XCBuildConfiguration section */

/* Begin XCConfigurationList section */
		892377AE1E9646390081A65B /* Build configuration list for PBXProject "Examples" */ = {
			isa = XCConfigurationList;
			buildConfigurations = (
				892377CE1E96463A0081A65B /* Debug */,
				892377CF1E96463A0081A65B /* Release */,
			);
			defaultConfigurationIsVisible = 0;
			defaultConfigurationName = Release;
		};
		892377D01E96463A0081A65B /* Build configuration list for PBXNativeTarget "Examples" */ = {
			isa = XCConfigurationList;
			buildConfigurations = (
				892377D11E96463A0081A65B /* Debug */,
				892377D21E96463A0081A65B /* Release */,
			);
			defaultConfigurationIsVisible = 0;
			defaultConfigurationName = Release;
		};
		892377D31E96463A0081A65B /* Build configuration list for PBXNativeTarget "ExamplesTests" */ = {
			isa = XCConfigurationList;
			buildConfigurations = (
				892377D41E96463A0081A65B /* Debug */,
				892377D51E96463A0081A65B /* Release */,
			);
			defaultConfigurationIsVisible = 0;
			defaultConfigurationName = Release;
		};
/* End XCConfigurationList section */
	};
	rootObject = 892377AB1E9646390081A65B /* Project object */;
}
